
Microsoft Visual Studio Solution File, Format Version 12.00
# Visual Studio Version 16
VisualStudioVersion = 16.0.31829.152
MinimumVisualStudioVersion = 10.0.40219.1
Project("{FAE04EC0-301F-11D3-BF4B-00C04F79EFBC}") = "Zadanie figuri", "Zadanie figuri\Zadanie figuri.csproj", "{3D9D6914-C5E0-4D5F-863F-6309B588307C}"
EndProject
Global
	GlobalSection(SolutionConfigurationPlatforms) = preSolution
		Debug|Any CPU = Debug|Any CPU
		Release|Any CPU = Release|Any CPU
	EndGlobalSection
	GlobalSection(ProjectConfigurationPlatforms) = postSolution
		{3D9D6914-C5E0-4D5F-863F-6309B588307C}.Debug|Any CPU.ActiveCfg = Debug|Any CPU
		{3D9D6914-C5E0-4D5F-863F-6309B588307C}.Debug|Any CPU.Build.0 = Debug|Any CPU
		{3D9D6914-C5E0-4D5F-863F-6309B588307C}.Release|Any CPU.ActiveCfg = Release|Any CPU
		{3D9D6914-C5E0-4D5F-863F-6309B588307C}.Release|Any CPU.Build.0 = Release|Any CPU
	EndGlobalSection
	GlobalSection(SolutionProperties) = preSolution
		HideSolutionNode = FALSE
	EndGlobalSection
	GlobalSection(ExtensibilityGlobals) = postSolution
		SolutionGuid = {38EC506D-EDD7-4AD4-AD45-EFB7C8D02729}
	EndGlobalSection
EndGlobal
